
Microsoft Visual Studio Solution File, Format Version 12.00
# Visual Studio 14
VisualStudioVersion = 14.0.25420.1
MinimumVisualStudioVersion = 10.0.40219.1
Project("{FAE04EC0-301F-11D3-BF4B-00C04F79EFBC}") = "Models", "..\HumanResoursesDepartment\App\Models\Models.csproj", "{7EFBB5D7-957C-4405-8774-6AEDCFBF5680}"
EndProject
Project("{FAE04EC0-301F-11D3-BF4B-00C04F79EFBC}") = "Controllers", "..\HumanResoursesDepartment\App\Controllers\Controllers.csproj", "{5066BB3E-EFD6-4263-9C2E-FACA86C8B973}"
EndProject
Project("{FAE04EC0-301F-11D3-BF4B-00C04F79EFBC}") = "Views", "..\HumanResoursesDepartment\App\Views\Views.csproj", "{B3D8F63B-F36C-4FFE-B156-60B366576548}"
EndProject
Global
	GlobalSection(SolutionConfigurationPlatforms) = preSolution
		Debug|Any CPU = Debug|Any CPU
		Release|Any CPU = Release|Any CPU
	EndGlobalSection
	GlobalSection(ProjectConfigurationPlatforms) = postSolution
		{7EFBB5D7-957C-4405-8774-6AEDCFBF5680}.Debug|Any CPU.ActiveCfg = Debug|Any CPU
		{7EFBB5D7-957C-4405-8774-6AEDCFBF5680}.Debug|Any CPU.Build.0 = Debug|Any CPU
		{7EFBB5D7-957C-4405-8774-6AEDCFBF5680}.Release|Any CPU.ActiveCfg = Release|Any CPU
		{7EFBB5D7-957C-4405-8774-6AEDCFBF5680}.Release|Any CPU.Build.0 = Release|Any CPU
		{5066BB3E-EFD6-4263-9C2E-FACA86C8B973}.Debug|Any CPU.ActiveCfg = Debug|Any CPU
		{5066BB3E-EFD6-4263-9C2E-FACA86C8B973}.Debug|Any CPU.Build.0 = Debug|Any CPU
		{5066BB3E-EFD6-4263-9C2E-FACA86C8B973}.Release|Any CPU.ActiveCfg = Release|Any CPU
		{5066BB3E-EFD6-4263-9C2E-FACA86C8B973}.Release|Any CPU.Build.0 = Release|Any CPU
		{B3D8F63B-F36C-4FFE-B156-60B366576548}.Debug|Any CPU.ActiveCfg = Debug|Any CPU
		{B3D8F63B-F36C-4FFE-B156-60B366576548}.Debug|Any CPU.Build.0 = Debug|Any CPU
		{B3D8F63B-F36C-4FFE-B156-60B366576548}.Release|Any CPU.ActiveCfg = Release|Any CPU
		{B3D8F63B-F36C-4FFE-B156-60B366576548}.Release|Any CPU.Build.0 = Release|Any CPU
	EndGlobalSection
	GlobalSection(SolutionProperties) = preSolution
		HideSolutionNode = FALSE
	EndGlobalSection
EndGlobal
